
Microsoft Visual Studio Solution File, Format Version 12.00
Project("{FAE04EC0-301F-11D3-BF4B-00C04F79EFBC}") = "EmptyParcelLocker.API", "EmptyParcelLocker.API.csproj", "{E97454C7-E41E-4FFA-BF5E-1019470D2479}"
EndProject
Project("{FAE04EC0-301F-11D3-BF4B-00C04F79EFBC}") = "EmptyParcelLocker.API.Test", "..\EmptyParcelLocker.API.Test\EmptyParcelLocker.API.Test\EmptyParcelLocker.API.Test.csproj", "{B5007020-C1FF-4E07-A52D-C9482A6EE478}"
EndProject
Global
	GlobalSection(SolutionConfigurationPlatforms) = preSolution
		Debug|Any CPU = Debug|Any CPU
		Release|Any CPU = Release|Any CPU
	EndGlobalSection
	GlobalSection(ProjectConfigurationPlatforms) = postSolution
		{E97454C7-E41E-4FFA-BF5E-1019470D2479}.Debug|Any CPU.ActiveCfg = Debug|Any CPU
		{E97454C7-E41E-4FFA-BF5E-1019470D2479}.Debug|Any CPU.Build.0 = Debug|Any CPU
		{E97454C7-E41E-4FFA-BF5E-1019470D2479}.Release|Any CPU.ActiveCfg = Release|Any CPU
		{E97454C7-E41E-4FFA-BF5E-1019470D2479}.Release|Any CPU.Build.0 = Release|Any CPU
		{B5007020-C1FF-4E07-A52D-C9482A6EE478}.Debug|Any CPU.ActiveCfg = Debug|Any CPU
		{B5007020-C1FF-4E07-A52D-C9482A6EE478}.Debug|Any CPU.Build.0 = Debug|Any CPU
		{B5007020-C1FF-4E07-A52D-C9482A6EE478}.Release|Any CPU.ActiveCfg = Release|Any CPU
		{B5007020-C1FF-4E07-A52D-C9482A6EE478}.Release|Any CPU.Build.0 = Release|Any CPU
	EndGlobalSection
EndGlobal
